
Microsoft Visual Studio Solution File, Format Version 12.00
# Visual Studio Version 17
VisualStudioVersion = 17.11.35222.181
MinimumVisualStudioVersion = 10.0.40219.1
Project("{FAE04EC0-301F-11D3-BF4B-00C04F79EFBC}") = "Lab1", "Lab1\Lab1.csproj", "{E9EE912C-E3AE-4392-9903-5256D622DA2D}"
EndProject
Global
	GlobalSection(SolutionConfigurationPlatforms) = preSolution
		Debug|Any CPU = Debug|Any CPU
		Release|Any CPU = Release|Any CPU
	EndGlobalSection
	GlobalSection(ProjectConfigurationPlatforms) = postSolution
		{E9EE912C-E3AE-4392-9903-5256D622DA2D}.Debug|Any CPU.ActiveCfg = Debug|Any CPU
		{E9EE912C-E3AE-4392-9903-5256D622DA2D}.Debug|Any CPU.Build.0 = Debug|Any CPU
		{E9EE912C-E3AE-4392-9903-5256D622DA2D}.Debug|Any CPU.Deploy.0 = Debug|Any CPU
		{E9EE912C-E3AE-4392-9903-5256D622DA2D}.Release|Any CPU.ActiveCfg = Release|Any CPU
		{E9EE912C-E3AE-4392-9903-5256D622DA2D}.Release|Any CPU.Build.0 = Release|Any CPU
		{E9EE912C-E3AE-4392-9903-5256D622DA2D}.Release|Any CPU.Deploy.0 = Release|Any CPU
	EndGlobalSection
	GlobalSection(SolutionProperties) = preSolution
		HideSolutionNode = FALSE
	EndGlobalSection
	GlobalSection(ExtensibilityGlobals) = postSolution
		SolutionGuid = {EBAD35EC-5513-4DF9-AB9E-521A340AAF5D}
	EndGlobalSection
EndGlobal
