
Microsoft Visual Studio Solution File, Format Version 12.00
# Visual Studio 14
VisualStudioVersion = 14.0.25420.1
MinimumVisualStudioVersion = 10.0.40219.1
Project("{FAE04EC0-301F-11D3-BF4B-00C04F79EFBC}") = "TelemedicineApi", "TelemedicineApi\TelemedicineApi.csproj", "{D17C8211-ADDB-4B73-BAB7-348CFC08B7E9}"
EndProject
Project("{FAE04EC0-301F-11D3-BF4B-00C04F79EFBC}") = "Telemedicine.BusinessLogic", "Telemedicine.BusinessLogic\Telemedicine.BusinessLogic.csproj", "{D2A1D559-AABC-404E-A8B5-85CA219837E4}"
EndProject
Project("{FAE04EC0-301F-11D3-BF4B-00C04F79EFBC}") = "Telemedicine.Domain", "Telemedicine.Domain\Telemedicine.Domain.csproj", "{79382EC8-8EB6-414C-9C4C-AB17461CD9B5}"
EndProject
Global
	GlobalSection(SolutionConfigurationPlatforms) = preSolution
		Debug|Any CPU = Debug|Any CPU
		Release|Any CPU = Release|Any CPU
	EndGlobalSection
	GlobalSection(ProjectConfigurationPlatforms) = postSolution
		{D17C8211-ADDB-4B73-BAB7-348CFC08B7E9}.Debug|Any CPU.ActiveCfg = Debug|Any CPU
		{D17C8211-ADDB-4B73-BAB7-348CFC08B7E9}.Debug|Any CPU.Build.0 = Debug|Any CPU
		{D17C8211-ADDB-4B73-BAB7-348CFC08B7E9}.Release|Any CPU.ActiveCfg = Release|Any CPU
		{D17C8211-ADDB-4B73-BAB7-348CFC08B7E9}.Release|Any CPU.Build.0 = Release|Any CPU
		{D2A1D559-AABC-404E-A8B5-85CA219837E4}.Debug|Any CPU.ActiveCfg = Debug|Any CPU
		{D2A1D559-AABC-404E-A8B5-85CA219837E4}.Debug|Any CPU.Build.0 = Debug|Any CPU
		{D2A1D559-AABC-404E-A8B5-85CA219837E4}.Release|Any CPU.ActiveCfg = Release|Any CPU
		{D2A1D559-AABC-404E-A8B5-85CA219837E4}.Release|Any CPU.Build.0 = Release|Any CPU
		{79382EC8-8EB6-414C-9C4C-AB17461CD9B5}.Debug|Any CPU.ActiveCfg = Debug|Any CPU
		{79382EC8-8EB6-414C-9C4C-AB17461CD9B5}.Debug|Any CPU.Build.0 = Debug|Any CPU
		{79382EC8-8EB6-414C-9C4C-AB17461CD9B5}.Release|Any CPU.ActiveCfg = Release|Any CPU
		{79382EC8-8EB6-414C-9C4C-AB17461CD9B5}.Release|Any CPU.Build.0 = Release|Any CPU
	EndGlobalSection
	GlobalSection(SolutionProperties) = preSolution
		HideSolutionNode = FALSE
	EndGlobalSection
EndGlobal
